
Microsoft Visual Studio Solution File, Format Version 12.00
# Visual Studio Version 16
VisualStudioVersion = 16.0.29905.134
MinimumVisualStudioVersion = 10.0.40219.1
Project("{FAE04EC0-301F-11D3-BF4B-00C04F79EFBC}") = "Day02PeopleAgain", "Day02PeopleAgain\Day02PeopleAgain.csproj", "{C5C2E514-88EE-44C9-8C98-4ADBB5939C12}"
EndProject
Global
	GlobalSection(SolutionConfigurationPlatforms) = preSolution
		Debug|Any CPU = Debug|Any CPU
		Release|Any CPU = Release|Any CPU
	EndGlobalSection
	GlobalSection(ProjectConfigurationPlatforms) = postSolution
		{C5C2E514-88EE-44C9-8C98-4ADBB5939C12}.Debug|Any CPU.ActiveCfg = Debug|Any CPU
		{C5C2E514-88EE-44C9-8C98-4ADBB5939C12}.Debug|Any CPU.Build.0 = Debug|Any CPU
		{C5C2E514-88EE-44C9-8C98-4ADBB5939C12}.Release|Any CPU.ActiveCfg = Release|Any CPU
		{C5C2E514-88EE-44C9-8C98-4ADBB5939C12}.Release|Any CPU.Build.0 = Release|Any CPU
	EndGlobalSection
	GlobalSection(SolutionProperties) = preSolution
		HideSolutionNode = FALSE
	EndGlobalSection
	GlobalSection(ExtensibilityGlobals) = postSolution
		SolutionGuid = {BDCD4F1C-6D3D-445E-B17D-196BCF64D641}
	EndGlobalSection
EndGlobal
